
Microsoft Visual Studio Solution File, Format Version 12.00
# Visual Studio Version 16
VisualStudioVersion = 16.0.31729.503
MinimumVisualStudioVersion = 10.0.40219.1
Project("{FAE04EC0-301F-11D3-BF4B-00C04F79EFBC}") = "idadeJogador", "idadeJogador\idadeJogador.csproj", "{BB2F0C6C-522C-4237-BEFC-66E4D9D7E3EA}"
EndProject
Global
	GlobalSection(SolutionConfigurationPlatforms) = preSolution
		Debug|Any CPU = Debug|Any CPU
		Release|Any CPU = Release|Any CPU
	EndGlobalSection
	GlobalSection(ProjectConfigurationPlatforms) = postSolution
		{BB2F0C6C-522C-4237-BEFC-66E4D9D7E3EA}.Debug|Any CPU.ActiveCfg = Debug|Any CPU
		{BB2F0C6C-522C-4237-BEFC-66E4D9D7E3EA}.Debug|Any CPU.Build.0 = Debug|Any CPU
		{BB2F0C6C-522C-4237-BEFC-66E4D9D7E3EA}.Release|Any CPU.ActiveCfg = Release|Any CPU
		{BB2F0C6C-522C-4237-BEFC-66E4D9D7E3EA}.Release|Any CPU.Build.0 = Release|Any CPU
	EndGlobalSection
	GlobalSection(SolutionProperties) = preSolution
		HideSolutionNode = FALSE
	EndGlobalSection
	GlobalSection(ExtensibilityGlobals) = postSolution
		SolutionGuid = {1985F85C-8DC8-4A9C-8B6B-6877F8FC33F8}
	EndGlobalSection
EndGlobal
